
Microsoft Visual Studio Solution File, Format Version 12.00
# Visual Studio Version 17
VisualStudioVersion = 17.1.32414.318
MinimumVisualStudioVersion = 10.0.40219.1
Project("{FAE04EC0-301F-11D3-BF4B-00C04F79EFBC}") = "System_aplication", "Przychodnia\System_aplication.csproj", "{81660195-1BB6-4AA0-ACF6-39727814389B}"
EndProject
Project("{FAE04EC0-301F-11D3-BF4B-00C04F79EFBC}") = "ClassLibrary", "ClassLibrary\ClassLibrary.csproj", "{C1BD1BD5-7882-42DB-88A9-7F90FF64403F}"
EndProject
Project("{FAE04EC0-301F-11D3-BF4B-00C04F79EFBC}") = "Web", "Web\Web.csproj", "{207EEAE1-7C92-484D-BE39-B09B3783621E}"
EndProject
Global
	GlobalSection(SolutionConfigurationPlatforms) = preSolution
		Debug|Any CPU = Debug|Any CPU
		Release|Any CPU = Release|Any CPU
	EndGlobalSection
	GlobalSection(ProjectConfigurationPlatforms) = postSolution
		{81660195-1BB6-4AA0-ACF6-39727814389B}.Debug|Any CPU.ActiveCfg = Debug|Any CPU
		{81660195-1BB6-4AA0-ACF6-39727814389B}.Debug|Any CPU.Build.0 = Debug|Any CPU
		{81660195-1BB6-4AA0-ACF6-39727814389B}.Release|Any CPU.ActiveCfg = Release|Any CPU
		{81660195-1BB6-4AA0-ACF6-39727814389B}.Release|Any CPU.Build.0 = Release|Any CPU
		{C1BD1BD5-7882-42DB-88A9-7F90FF64403F}.Debug|Any CPU.ActiveCfg = Debug|Any CPU
		{C1BD1BD5-7882-42DB-88A9-7F90FF64403F}.Debug|Any CPU.Build.0 = Debug|Any CPU
		{C1BD1BD5-7882-42DB-88A9-7F90FF64403F}.Release|Any CPU.ActiveCfg = Release|Any CPU
		{C1BD1BD5-7882-42DB-88A9-7F90FF64403F}.Release|Any CPU.Build.0 = Release|Any CPU
		{207EEAE1-7C92-484D-BE39-B09B3783621E}.Debug|Any CPU.ActiveCfg = Debug|Any CPU
		{207EEAE1-7C92-484D-BE39-B09B3783621E}.Debug|Any CPU.Build.0 = Debug|Any CPU
		{207EEAE1-7C92-484D-BE39-B09B3783621E}.Release|Any CPU.ActiveCfg = Release|Any CPU
		{207EEAE1-7C92-484D-BE39-B09B3783621E}.Release|Any CPU.Build.0 = Release|Any CPU
	EndGlobalSection
	GlobalSection(SolutionProperties) = preSolution
		HideSolutionNode = FALSE
	EndGlobalSection
	GlobalSection(ExtensibilityGlobals) = postSolution
		SolutionGuid = {646C6CCA-0472-43E5-86FB-6EF7D49B8586}
	EndGlobalSection
EndGlobal
